PODS:
  - OpenKuiklyIOSRender (2.0.0)
  - SDWebImage (5.21.5):
    - SDWebImage/Core (= 5.21.5)
  - SDWebImage/Core (5.21.5)
  - shared (1.0)

DEPENDENCIES:
  - OpenKuiklyIOSRender (from `https://github.com/Tencent-TDS/KuiklyUI.git`, tag `2.15.2`)
  - SDWebImage
  - shared (from `../shared`)

SPEC REPOS:
  trunk:
    - SDWebImage

EXTERNAL SOURCES:
  OpenKuiklyIOSRender:
    :git: https://github.com/Tencent-TDS/KuiklyUI.git
    :tag: 2.15.2
  shared:
    :path: "../shared"

CHECKOUT OPTIONS:
  OpenKuiklyIOSRender:
    :git: https://github.com/Tencent-TDS/KuiklyUI.git
    :tag: 2.15.2

SPEC CHECKSUMS:
  OpenKuiklyIOSRender: 0ea7064904d6b4e1fd4d0f3f63b3230dfc1584d0
  SDWebImage: e9c98383c7572d713c1a0d7dd2783b10599b9838
  shared: 45c4d5a3fe6bf89e105d0ff0f3587f64ad21dd48

PODFILE CHECKSUM: 84345ab42fa0a164a4e63c8b3af813283915152e

COCOAPODS: 1.16.2
